// !$*UTF8*$!
{
	archiveVersion = 1;
	classes = {
	};
	objectVersion = 46;
	objects = {

/* Begin PBXBuildFile section */
		4EC571551CD0AE990076CC0F /* main.m in Sources */ = {isa = PBXBuildFile; fileRef = 4EC571541CD0AE990076CC0F /* main.m */; };
		4EC571581CD0AE990076CC0F /* AppDelegate.m in Sources */ = {isa = PBXBuildFile; fileRef = 4EC571571CD0AE990076CC0F /* AppDelegate.m */; };
		4EC5715B1CD0AE990076CC0F /* ViewController.m in Sources */ = {isa = PBXBuildFile; fileRef = 4EC5715A1CD0AE990076CC0F /* ViewController.m */; };
		4EC5715E1CD0AE9A0076CC0F /* Main.storyboard in Resources */ = {isa = PBXBuildFile; fileRef = 4EC5715C1CD0AE9A0076CC0F /* Main.storyboard */; };
		4EC571601CD0AE9A0076CC0F /* Images.xcassets in Resources */ = {isa = PBXBuildFile; fileRef = 4EC5715F1CD0AE9A0076CC0F /* Images.xcassets */; };
		4EC571631CD0AE9A0076CC0F /* LaunchScreen.xib in Resources */ = {isa = PBXBuildFile; fileRef = 4EC571611CD0AE9A0076CC0F /* LaunchScreen.xib */; };
		4EC5716F1CD0AE9A0076CC0F /* gitHubTests.m in Sources */ = {isa = PBXBuildFile; fileRef = 4EC5716E1CD0AE9A0076CC0F /* gitHubTests.m */; };
/* End PBXBuildFile section */

/* Begin PBXContainerItemProxy section */
		4EC571691CD0AE9A0076CC0F /* PBXContainerItemProxy */ = {
			isa = PBXContainerItemProxy;
			containerPortal = 4EC571471CD0AE990076CC0F /* Project object */;
			proxyType = 1;
			remoteGlobalIDString = 4EC5714E1CD0AE990076CC0F;
			remoteInfo = gitHub;
		};
/* End PBXContainerItemProxy section */

/* Begin PBXFileReference section */
		4EC5714F1CD0AE990076CC0F /* gitHub.app */ = {isa = PBXFileReference; explicitFileType = wrapper.application; includeInIndex = 0; path = gitHub.app; sourceTree = BUILT_PRODUCTS_DIR; };
		4EC571531CD0AE990076CC0F /* Info.plist */ = {isa = PBXFileReference; lastKnownFileType = text.plist.xml; path = Info.plist; sourceTree = "<group>"; };
		4EC571541CD0AE990076CC0F /* main.m */ = {isa = PBXFileReference; lastKnownFileType = sourcecode.c.objc; path = main.m; sourceTree = "<group>"; };
		4EC571561CD0AE990076CC0F /* AppDelegate.h */ = {isa = PBXFileReference; lastKnownFileType = sourcecode.c.h; path = AppDelegate.h; sourceTree = "<group>"; };
		4EC571571CD0AE990076CC0F /* AppDelegate.m */ = {isa = PBXFileReference; lastKnownFileType = sourcecode.c.objc; path = AppDelegate.m; sourceTree = "<group>"; };
		4EC571591CD0AE990076CC0F /* ViewController.h */ = {isa = PBXFileReference; lastKnownFileType = sourcecode.c.h; path = ViewController.h; sourceTree = "<group>"; };
		4EC5715A1CD0AE990076CC0F /* ViewController.m */ = {isa = PBXFileReference; lastKnownFileType = sourcecode.c.objc; path = ViewController.m; sourceTree = "<group>"; };
		4EC5715D1CD0AE9A0076CC0F /* Base */ = {isa = PBXFileReference; lastKnownFileType = file.storyboard; name = Base; path = Base.lproj/Main.storyboard; sourceTree = "<group>"; };
		4EC5715F1CD0AE9A0076CC0F /* Images.xcassets */ = {isa = PBXFileReference; lastKnownFileType = folder.assetcatalog; path = Images.xcassets; sourceTree = "<group>"; };
		4EC571621CD0AE9A0076CC0F /* Base */ = {isa = PBXFileReference; lastKnownFileType = file.xib; name = Base; path = Base.lproj/LaunchScreen.xib; sourceTree = "<group>"; };
		4EC571681CD0AE9A0076CC0F /* gitHubTests.xctest */ = {isa = PBXFileReference; explicitFileType = wrapper.cfbundle; includeInIndex = 0; path = gitHubTests.xctest; sourceTree = BUILT_PRODUCTS_DIR; };
		4EC5716D1CD0AE9A0076CC0F /* Info.plist */ = {isa = PBXFileReference; lastKnownFileType = text.plist.xml; path = Info.plist; sourceTree = "<group>"; };
		4EC5716E1CD0AE9A0076CC0F /* gitHubTests.m */ = {isa = PBXFileReference; lastKnownFileType = sourcecode.c.objc; path = gitHubTests.m; sourceTree = "<group>"; };
/* End PBXFileReference section */

/* Begin PBXFrameworksBuildPhase section */
		4EC5714C1CD0AE990076CC0F /* Frameworks */ = {
			isa = PBXFrameworksBuildPhase;
			buildActionMask = 2147483647;
			files = (
			);
			runOnlyForDeploymentPostprocessing = 0;
		};
		4EC571651CD0AE9A0076CC0F /* Frameworks */ = {
			isa = PBXFrameworksBuildPhase;
			buildActionMask = 2147483647;
			files = (
			);
			runOnlyForDeploymentPostprocessing = 0;
		};
/* End PBXFrameworksBuildPhase section */

/* Begin PBXGroup section */
		4EC571461CD0AE990076CC0F = {
			isa = PBXGroup;
			children = (
				4EC571511CD0AE990076CC0F /* gitHub */,
				4EC5716B1CD0AE9A0076CC0F /* gitHubTests */,
				4EC571501CD0AE990076CC0F /* Products */,
			);
			sourceTree = "<group>";
		};
		4EC571501CD0AE990076CC0F /* Products */ = {
			isa = PBXGroup;
			children = (
				4EC5714F1CD0AE990076CC0F /* gitHub.app */,
				4EC571681CD0AE9A0076CC0F /* gitHubTests.xctest */,
			);
			name = Products;
			sourceTree = "<group>";
		};
		4EC571511CD0AE990076CC0F /* gitHub */ = {
			isa = PBXGroup;
			children = (
				4EC571561CD0AE990076CC0F /* AppDelegate.h */,
				4EC571571CD0AE990076CC0F /* AppDelegate.m */,
				4EC571591CD0AE990076CC0F /* ViewController.h */,
				4EC5715A1CD0AE990076CC0F /* ViewController.m */,
				4EC5715C1CD0AE9A0076CC0F /* Main.storyboard */,
				4EC5715F1CD0AE9A0076CC0F /* Images.xcassets */,
				4EC571611CD0AE9A0076CC0F /* LaunchScreen.xib */,
				4EC571521CD0AE990076CC0F /* Supporting Files */,
			);
			path = gitHub;
			sourceTree = "<group>";
		};
		4EC571521CD0AE990076CC0F /* Supporting Files */ = {
			isa = PBXGroup;
			children = (
				4EC571531CD0AE990076CC0F /* Info.plist */,
				4EC571541CD0AE990076CC0F /* main.m */,
			);
			name = "Supporting Files";
			sourceTree = "<group>";
		};
		4EC5716B1CD0AE9A0076CC0F /* gitHubTests */ = {
			isa = PBXGroup;
			children = (
				4EC5716E1CD0AE9A0076CC0F /* gitHubTests.m */,
				4EC5716C1CD0AE9A0076CC0F /* Supporting Files */,
			);
			path = gitHubTests;
			sourceTree = "<group>";
		};
		4EC5716C1CD0AE9A0076CC0F /* Supporting Files */ = {
			isa = PBXGroup;
			children = (
				4EC5716D1CD0AE9A0076CC0F /* Info.plist */,
			);
			name = "Supporting Files";
			sourceTree = "<group>";
		};
/* End PBXGroup section */

/* Begin PBXNativeTarget section */
		4EC5714E1CD0AE990076CC0F /* gitHub */ = {
			isa = PBXNativeTarget;
			buildConfigurationList = 4EC571721CD0AE9A0076CC0F /* Build configuration list for PBXNativeTarget "gitHub" */;
			buildPhases = (
				4EC5714B1CD0AE990076CC0F /* Sources */,
				4EC5714C1CD0AE990076CC0F /* Frameworks */,
				4EC5714D1CD0AE990076CC0F /* Resources */,
			);
			buildRules = (
			);
			dependencies = (
			);
			name = gitHub;
			productName = gitHub;
			productReference = 4EC5714F1CD0AE990076CC0F /* gitHub.app */;
			productType = "com.apple.product-type.application";
		};
		4EC571671CD0AE9A0076CC0F /* gitHubTests */ = {
			isa = PBXNativeTarget;
			buildConfigurationList = 4EC571751CD0AE9A0076CC0F /* Build configuration list for PBXNativeTarget "gitHubTests" */;
			buildPhases = (
				4EC571641CD0AE9A0076CC0F /* Sources */,
				4EC571651CD0AE9A0076CC0F /* Frameworks */,
				4EC571661CD0AE9A0076CC0F /* Resources */,
			);
			buildRules = (
			);
			dependencies = (
				4EC5716A1CD0AE9A0076CC0F /* PBXTargetDependency */,
			);
			name = gitHubTests;
			productName = gitHubTests;
			productReference = 4EC571681CD0AE9A0076CC0F /* gitHubTests.xctest */;
			productType = "com.apple.product-type.bundle.unit-test";
		};
/* End PBXNativeTarget section */

/* Begin PBXProject section */
		4EC571471CD0AE990076CC0F /* Project object */ = {
			isa = PBXProject;
			attributes = {
				LastUpgradeCheck = 0610;
				ORGANIZATIONNAME = LuChuang;
				TargetAttributes = {
					4EC5714E1CD0AE990076CC0F = {
						CreatedOnToolsVersion = 6.1;
					};
					4EC571671CD0AE9A0076CC0F = {
						CreatedOnToolsVersion = 6.1;
						TestTargetID = 4EC5714E1CD0AE990076CC0F;
					};
				};
			};
			buildConfigurationList = 4EC5714A1CD0AE990076CC0F /* Build configuration list for PBXProject "gitHub" */;
			compatibilityVersion = "Xcode 3.2";
			developmentRegion = English;
			hasScannedForEncodings = 0;
			knownRegions = (
				en,
				Base,
			);
			mainGroup = 4EC571461CD0AE990076CC0F;
			productRefGroup = 4EC571501CD0AE990076CC0F /* Products */;
			projectDirPath = "";
			projectRoot = "";
			targets = (
				4EC5714E1CD0AE990076CC0F /* gitHub */,
				4EC571671CD0AE9A0076CC0F /* gitHubTests */,
			);
		};
/* End PBXProject section */

/* Begin PBXResourcesBuildPhase section */
		4EC5714D1CD0AE990076CC0F /* Resources */ = {
			isa = PBXResourcesBuildPhase;
			buildActionMask = 2147483647;
			files = (
				4EC5715E1CD0AE9A0076CC0F /* Main.storyboard in Resources */,
				4EC571631CD0AE9A0076CC0F /* LaunchScreen.xib in Resources */,
				4EC571601CD0AE9A0076CC0F /* Images.xcassets in Resources */,
			);
			runOnlyForDeploymentPostprocessing = 0;
		};
		4EC571661CD0AE9A0076CC0F /* Resources */ = {
			isa = PBXResourcesBuildPhase;
			buildActionMask = 2147483647;
			files = (
			);
			runOnlyForDeploymentPostprocessing = 0;
		};
/* End PBXResourcesBuildPhase section */

/* Begin PBXSourcesBuildPhase section */
		4EC5714B1CD0AE990076CC0F /* Sources */ = {
			isa = PBXSourcesBuildPhase;
			buildActionMask = 2147483647;
			files = (
				4EC5715B1CD0AE990076CC0F /* ViewController.m in Sources */,
				4EC571581CD0AE990076CC0F /* AppDelegate.m in Sources */,
				4EC571551CD0AE990076CC0F /* main.m in Sources */,
			);
			runOnlyForDeploymentPostprocessing = 0;
		};
		4EC571641CD0AE9A0076CC0F /* Sources */ = {
			isa = PBXSourcesBuildPhase;
			buildActionMask = 2147483647;
			files = (
				4EC5716F1CD0AE9A0076CC0F /* gitHubTests.m in Sources */,
			);
			runOnlyForDeploymentPostprocessing = 0;
		};
/* End PBXSourcesBuildPhase section */

/* Begin PBXTargetDependency section */
		4EC5716A1CD0AE9A0076CC0F /* PBXTargetDependency */ = {
			isa = PBXTargetDependency;
			target = 4EC5714E1CD0AE990076CC0F /* gitHub */;
			targetProxy = 4EC571691CD0AE9A0076CC0F /* PBXContainerItemProxy */;
		};
/* End PBXTargetDependency section */

/* Begin PBXVariantGroup section */
		4EC5715C1CD0AE9A0076CC0F /* Main.storyboard */ = {
			isa = PBXVariantGroup;
			children = (
				4EC5715D1CD0AE9A0076CC0F /* Base */,
			);
			name = Main.storyboard;
			sourceTree = "<group>";
		};
		4EC571611CD0AE9A0076CC0F /* LaunchScreen.xib */ = {
			isa = PBXVariantGroup;
			children = (
				4EC571621CD0AE9A0076CC0F /* Base */,
			);
			name = LaunchScreen.xib;
			sourceTree = "<group>";
		};
/* End PBXVariantGroup section */

/* Begin XCBuildConfiguration section */
		4EC571701CD0AE9A0076CC0F /* Debug */ = {
			isa = XCBuildConfiguration;
			buildSettings = {
				ALWAYS_SEARCH_USER_PATHS = NO;
				CLANG_CXX_LANGUAGE_STANDARD = "gnu++0x";
				CLANG_CXX_LIBRARY = "libc++";
				CLANG_ENABLE_MODULES = YES;
				CLANG_ENABLE_OBJC_ARC = YES;
				CLANG_WARN_BOOL_CONVERSION = YES;
				CLANG_WARN_CONSTANT_CONVERSION = YES;
				CLANG_WARN_DIRECT_OBJC_ISA_USAGE = YES_ERROR;
				CLANG_WARN_EMPTY_BODY = YES;
				CLANG_WARN_ENUM_CONVERSION = YES;
				CLANG_WARN_INT_CONVERSION = YES;
				CLANG_WARN_OBJC_ROOT_CLASS = YES_ERROR;
				CLANG_WARN_UNREACHABLE_CODE = YES;
				CLANG_WARN__DUPLICATE_METHOD_MATCH = YES;
				"CODE_SIGN_IDENTITY[sdk=iphoneos*]" = "iPhone Developer";
				COPY_PHASE_STRIP = NO;
				ENABLE_STRICT_OBJC_MSGSEND = YES;
				GCC_C_LANGUAGE_STANDARD = gnu99;
				GCC_DYNAMIC_NO_PIC = NO;
				GCC_OPTIMIZATION_LEVEL = 0;
				GCC_PREPROCESSOR_DEFINITIONS = (
					"DEBUG=1",
					"$(inherited)",
				);
				GCC_SYMBOLS_PRIVATE_EXTERN = NO;
				GCC_WARN_64_TO_32_BIT_CONVERSION = YES;
				GCC_WARN_ABOUT_RETURN_TYPE = YES_ERROR;
				GCC_WARN_UNDECLARED_SELECTOR = YES;
				GCC_WARN_UNINITIALIZED_AUTOS = YES_AGGRESSIVE;
				GCC_WARN_UNUSED_FUNCTION = YES;
				GCC_WARN_UNUSED_VARIABLE = YES;
				IPHONEOS_DEPLOYMENT_TARGET = 8.1;
				MTL_ENABLE_DEBUG_INFO = YES;
				ONLY_ACTIVE_ARCH = YES;
				SDKROOT = iphoneos;
			};
			name = Debug;
		};
		4EC571711CD0AE9A0076CC0F /* Release */ = {
			isa = XCBuildConfiguration;
			buildSettings = {
				ALWAYS_SEARCH_USER_PATHS = NO;
				CLANG_CXX_LANGUAGE_STANDARD = "gnu++0x";
				CLANG_CXX_LIBRARY = "libc++";
				CLANG_ENABLE_MODULES = YES;
				CLANG_ENABLE_OBJC_ARC = YES;
				CLANG_WARN_BOOL_CONVERSION = YES;
				CLANG_WARN_CONSTANT_CONVERSION = YES;
				CLANG_WARN_DIRECT_OBJC_ISA_USAGE = YES_ERROR;
				CLANG_WARN_EMPTY_BODY = YES;
				CLANG_WARN_ENUM_CONVERSION = YES;
				CLANG_WARN_INT_CONVERSION = YES;
				CLANG_WARN_OBJC_ROOT_CLASS = YES_ERROR;
				CLANG_WARN_UNREACHABLE_CODE = YES;
				CLANG_WARN__DUPLICATE_METHOD_MATCH = YES;
				"CODE_SIGN_IDENTITY[sdk=iphoneos*]" = "iPhone Developer";
				COPY_PHASE_STRIP = YES;
				ENABLE_NS_ASSERTIONS = NO;
				ENABLE_STRICT_OBJC_MSGSEND = YES;
				GCC_C_LANGUAGE_STANDARD = gnu99;
				GCC_WARN_64_TO_32_BIT_CONVERSION = YES;
				GCC_WARN_ABOUT_RETURN_TYPE = YES_ERROR;
				GCC_WARN_UNDECLARED_SELECTOR = YES;
				GCC_WARN_UNINITIALIZED_AUTOS = YES_AGGRESSIVE;
				GCC_WARN_UNUSED_FUNCTION = YES;
				GCC_WARN_UNUSED_VARIABLE = YES;
				IPHONEOS_DEPLOYMENT_TARGET = 8.1;
				MTL_ENABLE_DEBUG_INFO = NO;
				SDKROOT = iphoneos;
				VALIDATE_PRODUCT = YES;
			};
			name = Release;
		};
		4EC571731CD0AE9A0076CC0F /* Debug */ = {
			isa = XCBuildConfiguration;
			buildSettings = {
				ASSETCATALOG_COMPILER_APPICON_NAME = AppIcon;
				INFOPLIST_FILE = gitHub/Info.plist;
				LD_RUNPATH_SEARCH_PATHS = "$(inherited) @executable_path/Frameworks";
				PRODUCT_NAME = "$(TARGET_NAME)";
			};
			name = Debug;
		};
		4EC571741CD0AE9A0076CC0F /* Release */ = {
			isa = XCBuildConfiguration;
			buildSettings = {
				ASSETCATALOG_COMPILER_APPICON_NAME = AppIcon;
				INFOPLIST_FILE = gitHub/Info.plist;
				LD_RUNPATH_SEARCH_PATHS = "$(inherited) @executable_path/Frameworks";
				PRODUCT_NAME = "$(TARGET_NAME)";
			};
			name = Release;
		};
		4EC571761CD0AE9A0076CC0F /* Debug */ = {
			isa = XCBuildConfiguration;
			buildSettings = {
				BUNDLE_LOADER = "$(TEST_HOST)";
				FRAMEWORK_SEARCH_PATHS = (
					"$(SDKROOT)/Developer/Library/Frameworks",
					"$(inherited)",
				);
				GCC_PREPROCESSOR_DEFINITIONS = (
					"DEBUG=1",
					"$(inherited)",
				);
				INFOPLIST_FILE = gitHubTests/Info.plist;
				LD_RUNPATH_SEARCH_PATHS = "$(inherited) @executable_path/Frameworks @loader_path/Frameworks";
				PRODUCT_NAME = "$(TARGET_NAME)";
				TEST_HOST = "$(BUILT_PRODUCTS_DIR)/gitHub.app/gitHub";
			};
			name = Debug;
		};
		4EC571771CD0AE9A0076CC0F /* Release */ = {
			isa = XCBuildConfiguration;
			buildSettings = {
				BUNDLE_LOADER = "$(TEST_HOST)";
				FRAMEWORK_SEARCH_PATHS = (
					"$(SDKROOT)/Developer/Library/Frameworks",
					"$(inherited)",
				);
				INFOPLIST_FILE = gitHubTests/Info.plist;
				LD_RUNPATH_SEARCH_PATHS = "$(inherited) @executable_path/Frameworks @loader_path/Frameworks";
				PRODUCT_NAME = "$(TARGET_NAME)";
				TEST_HOST = "$(BUILT_PRODUCTS_DIR)/gitHub.app/gitHub";
			};
			name = Release;
		};
/* End XCBuildConfiguration section */

/* Begin XCConfigurationList section */
		4EC5714A1CD0AE990076CC0F /* Build configuration list for PBXProject "gitHub" */ = {
			isa = XCConfigurationList;
			buildConfigurations = (
				4EC571701CD0AE9A0076CC0F /* Debug */,
				4EC571711CD0AE9A0076CC0F /* Release */,
			);
			defaultConfigurationIsVisible = 0;
			defaultConfigurationName = Release;
		};
		4EC571721CD0AE9A0076CC0F /* Build configuration list for PBXNativeTarget "gitHub" */ = {
			isa = XCConfigurationList;
			buildConfigurations = (
				4EC571731CD0AE9A0076CC0F /* Debug */,
				4EC571741CD0AE9A0076CC0F /* Release */,
			);
			defaultConfigurationIsVisible = 0;
		};
		4EC571751CD0AE9A0076CC0F /* Build configuration list for PBXNativeTarget "gitHubTests" */ = {
			isa = XCConfigurationList;
			buildConfigurations = (
				4EC571761CD0AE9A0076CC0F /* Debug */,
				4EC571771CD0AE9A0076CC0F /* Release */,
			);
			defaultConfigurationIsVisible = 0;
		};
/* End XCConfigurationList section */
	};
	rootObject = 4EC571471CD0AE990076CC0F /* Project object */;
}
